// !$*UTF8*$!
{
	archiveVersion = 1;
	classes = {
	};
	objectVersion = 56;
	objects = {

/* Begin PBXBuildFile section */
		3F10F2C62C4EBFB600DBBB54 /* ImageViewModelTests.swift in Sources */ = {isa = PBXBuildFile; fileRef = 3FD50D4A2C4E851F005E45BB /* ImageViewModelTests.swift */; };
		3F15CE1F2C4ACEB0006FC1EF /* RequestAPhotoApp.swift in Sources */ = {isa = PBXBuildFile; fileRef = 3F15CE1E2C4ACEB0006FC1EF /* RequestAPhotoApp.swift */; };
		3F15CE212C4ACEB0006FC1EF /* ContentView.swift in Sources */ = {isa = PBXBuildFile; fileRef = 3F15CE202C4ACEB0006FC1EF /* ContentView.swift */; };
		3F15CE232C4ACEB9006FC1EF /* Assets.xcassets in Resources */ = {isa = PBXBuildFile; fileRef = 3F15CE222C4ACEB9006FC1EF /* Assets.xcassets */; };
		3F15CE262C4ACEB9006FC1EF /* Preview Assets.xcassets in Resources */ = {isa = PBXBuildFile; fileRef = 3F15CE252C4ACEB9006FC1EF /* Preview Assets.xcassets */; };
		3F1C0E492C50FF870058D8C4 /* MockURLSession.swift in Sources */ = {isa = PBXBuildFile; fileRef = 3FD50D462C4E8244005E45BB /* MockURLSession.swift */; };
		3FD74E6C2C4E26C000A92732 /* ImageViewDetail.swift in Sources */ = {isa = PBXBuildFile; fileRef = 3FD74E6B2C4E26C000A92732 /* ImageViewDetail.swift */; };
		3FEAAF9A2C4D13C2007EA1AD /* ImageModel.swift in Sources */ = {isa = PBXBuildFile; fileRef = 3FEAAF992C4D13C1007EA1AD /* ImageModel.swift */; };
		3FEAAFA22C4D1B64007EA1AD /* ImageViewModel.swift in Sources */ = {isa = PBXBuildFile; fileRef = 3FEAAFA12C4D1B64007EA1AD /* ImageViewModel.swift */; };
		3FEAAFA42C4D2364007EA1AD /* ImageView.swift in Sources */ = {isa = PBXBuildFile; fileRef = 3FEAAFA32C4D2364007EA1AD /* ImageView.swift */; };
/* End PBXBuildFile section */

/* Begin PBXContainerItemProxy section */
		3F48D6A42C4EBE210056D6CC /* PBXContainerItemProxy */ = {
			isa = PBXContainerItemProxy;
			containerPortal = 3F15CE132C4ACEAF006FC1EF /* Project object */;
			proxyType = 1;
			remoteGlobalIDString = 3F15CE1A2C4ACEAF006FC1EF;
			remoteInfo = RequestAPhoto;
		};
/* End PBXContainerItemProxy section */

/* Begin PBXFileReference section */
		3F15CE1B2C4ACEB0006FC1EF /* RequestAPhoto.app */ = {isa = PBXFileReference; explicitFileType = wrapper.application; includeInIndex = 0; path = RequestAPhoto.app; sourceTree = BUILT_PRODUCTS_DIR; };
		3F15CE1E2C4ACEB0006FC1EF /* RequestAPhotoApp.swift */ = {isa = PBXFileReference; lastKnownFileType = sourcecode.swift; path = RequestAPhotoApp.swift; sourceTree = "<group>"; };
		3F15CE202C4ACEB0006FC1EF /* ContentView.swift */ = {isa = PBXFileReference; lastKnownFileType = sourcecode.swift; path = ContentView.swift; sourceTree = "<group>"; };
		3F15CE222C4ACEB9006FC1EF /* Assets.xcassets */ = {isa = PBXFileReference; lastKnownFileType = folder.assetcatalog; path = Assets.xcassets; sourceTree = "<group>"; };
		3F15CE252C4ACEB9006FC1EF /* Preview Assets.xcassets */ = {isa = PBXFileReference; lastKnownFileType = folder.assetcatalog; path = "Preview Assets.xcassets"; sourceTree = "<group>"; };
		3F48D6A02C4EBE210056D6CC /* RequestAPhotoTests.xctest */ = {isa = PBXFileReference; explicitFileType = wrapper.cfbundle; includeInIndex = 0; path = RequestAPhotoTests.xctest; sourceTree = BUILT_PRODUCTS_DIR; };
		3FD50D462C4E8244005E45BB /* MockURLSession.swift */ = {isa = PBXFileReference; lastKnownFileType = sourcecode.swift; path = MockURLSession.swift; sourceTree = "<group>"; };
		3FD50D4A2C4E851F005E45BB /* ImageViewModelTests.swift */ = {isa = PBXFileReference; lastKnownFileType = sourcecode.swift; path = ImageViewModelTests.swift; sourceTree = "<group>"; };
		3FD74E6B2C4E26C000A92732 /* ImageViewDetail.swift */ = {isa = PBXFileReference; lastKnownFileType = sourcecode.swift; path = ImageViewDetail.swift; sourceTree = "<group>"; };
		3FEAAF992C4D13C1007EA1AD /* ImageModel.swift */ = {isa = PBXFileReference; lastKnownFileType = sourcecode.swift; path = ImageModel.swift; sourceTree = "<group>"; };
		3FEAAFA12C4D1B64007EA1AD /* ImageViewModel.swift */ = {isa = PBXFileReference; lastKnownFileType = sourcecode.swift; path = ImageViewModel.swift; sourceTree = "<group>"; };
		3FEAAFA32C4D2364007EA1AD /* ImageView.swift */ = {isa = PBXFileReference; lastKnownFileType = sourcecode.swift; path = ImageView.swift; sourceTree = "<group>"; };
		3FFBF5A52C4D2E78001113CE /* Info.plist */ = {isa = PBXFileReference; lastKnownFileType = text.plist; path = Info.plist; sourceTree = "<group>"; };
/* End PBXFileReference section */

/* Begin PBXFrameworksBuildPhase section */
		3F15CE182C4ACEAF006FC1EF /* Frameworks */ = {
			isa = PBXFrameworksBuildPhase;
			buildActionMask = 2147483647;
			files = (
			);
			runOnlyForDeploymentPostprocessing = 0;
		};
		3F48D69D2C4EBE210056D6CC /* Frameworks */ = {
			isa = PBXFrameworksBuildPhase;
			buildActionMask = 2147483647;
			files = (
			);
			runOnlyForDeploymentPostprocessing = 0;
		};
/* End PBXFrameworksBuildPhase section */

/* Begin PBXGroup section */
		3F15CE122C4ACEAF006FC1EF = {
			isa = PBXGroup;
			children = (
				3F15CE1D2C4ACEB0006FC1EF /* RequestAPhoto */,
				3F48D6A12C4EBE210056D6CC /* RequestAPhotoTests */,
				3F15CE1C2C4ACEB0006FC1EF /* Products */,
			);
			sourceTree = "<group>";
		};
		3F15CE1C2C4ACEB0006FC1EF /* Products */ = {
			isa = PBXGroup;
			children = (
				3F15CE1B2C4ACEB0006FC1EF /* RequestAPhoto.app */,
				3F48D6A02C4EBE210056D6CC /* RequestAPhotoTests.xctest */,
			);
			name = Products;
			sourceTree = "<group>";
		};
		3F15CE1D2C4ACEB0006FC1EF /* RequestAPhoto */ = {
			isa = PBXGroup;
			children = (
				3FFBF5A52C4D2E78001113CE /* Info.plist */,
				3F15CE1E2C4ACEB0006FC1EF /* RequestAPhotoApp.swift */,
				3FD74E682C4E266E00A92732 /* ImageDetailView */,
				3FEAAF982C4D0DDE007EA1AD /* ImageListView */,
				3F15CE222C4ACEB9006FC1EF /* Assets.xcassets */,
				3FA4DF692C4E71040060D88B /* UnitTestsMock */,
				3F15CE242C4ACEB9006FC1EF /* Preview Content */,
			);
			path = RequestAPhoto;
			sourceTree = "<group>";
		};
		3F15CE242C4ACEB9006FC1EF /* Preview Content */ = {
			isa = PBXGroup;
			children = (
				3F15CE252C4ACEB9006FC1EF /* Preview Assets.xcassets */,
			);
			path = "Preview Content";
			sourceTree = "<group>";
		};
		3F48D6A12C4EBE210056D6CC /* RequestAPhotoTests */ = {
			isa = PBXGroup;
			children = (
				3FD50D4A2C4E851F005E45BB /* ImageViewModelTests.swift */,
			);
			path = RequestAPhotoTests;
			sourceTree = "<group>";
		};
		3FA4DF692C4E71040060D88B /* UnitTestsMock */ = {
			isa = PBXGroup;
			children = (
				3FD50D462C4E8244005E45BB /* MockURLSession.swift */,
			);
			path = UnitTestsMock;
			sourceTree = "<group>";
		};
		3FD74E682C4E266E00A92732 /* ImageDetailView */ = {
			isa = PBXGroup;
			children = (
				3FD74E692C4E268200A92732 /* UI */,
			);
			path = ImageDetailView;
			sourceTree = "<group>";
		};
		3FD74E692C4E268200A92732 /* UI */ = {
			isa = PBXGroup;
			children = (
				3FD74E6B2C4E26C000A92732 /* ImageViewDetail.swift */,
			);
			path = UI;
			sourceTree = "<group>";
		};
		3FEAAF982C4D0DDE007EA1AD /* ImageListView */ = {
			isa = PBXGroup;
			children = (
				3FEAAF9D2C4D1B25007EA1AD /* UI */,
				3FEAAF9E2C4D1B2E007EA1AD /* Model */,
				3FEAAFA02C4D1B50007EA1AD /* ViewModel */,
			);
			path = ImageListView;
			sourceTree = "<group>";
		};
		3FEAAF9D2C4D1B25007EA1AD /* UI */ = {
			isa = PBXGroup;
			children = (
				3F15CE202C4ACEB0006FC1EF /* ContentView.swift */,
				3FEAAFA32C4D2364007EA1AD /* ImageView.swift */,
			);
			path = UI;
			sourceTree = "<group>";
		};
		3FEAAF9E2C4D1B2E007EA1AD /* Model */ = {
			isa = PBXGroup;
			children = (
				3FEAAF992C4D13C1007EA1AD /* ImageModel.swift */,
			);
			path = Model;
			sourceTree = "<group>";
		};
		3FEAAFA02C4D1B50007EA1AD /* ViewModel */ = {
			isa = PBXGroup;
			children = (
				3FEAAFA12C4D1B64007EA1AD /* ImageViewModel.swift */,
			);
			path = ViewModel;
			sourceTree = "<group>";
		};
/* End PBXGroup section */

/* Begin PBXNativeTarget section */
		3F15CE1A2C4ACEAF006FC1EF /* RequestAPhoto */ = {
			isa = PBXNativeTarget;
			buildConfigurationList = 3F15CE292C4ACEB9006FC1EF /* Build configuration list for PBXNativeTarget "RequestAPhoto" */;
			buildPhases = (
				3F15CE172C4ACEAF006FC1EF /* Sources */,
				3F15CE182C4ACEAF006FC1EF /* Frameworks */,
				3F15CE192C4ACEAF006FC1EF /* Resources */,
			);
			buildRules = (
			);
			dependencies = (
			);
			name = RequestAPhoto;
			productName = RequestAPhoto;
			productReference = 3F15CE1B2C4ACEB0006FC1EF /* RequestAPhoto.app */;
			productType = "com.apple.product-type.application";
		};
		3F48D69F2C4EBE210056D6CC /* RequestAPhotoTests */ = {
			isa = PBXNativeTarget;
			buildConfigurationList = 3F48D6A82C4EBE210056D6CC /* Build configuration list for PBXNativeTarget "RequestAPhotoTests" */;
			buildPhases = (
				3F48D69C2C4EBE210056D6CC /* Sources */,
				3F48D69D2C4EBE210056D6CC /* Frameworks */,
				3F48D69E2C4EBE210056D6CC /* Resources */,
			);
			buildRules = (
			);
			dependencies = (
				3F48D6A52C4EBE210056D6CC /* PBXTargetDependency */,
			);
			name = RequestAPhotoTests;
			productName = RequestAPhotoTests;
			productReference = 3F48D6A02C4EBE210056D6CC /* RequestAPhotoTests.xctest */;
			productType = "com.apple.product-type.bundle.unit-test";
		};
/* End PBXNativeTarget section */

/* Begin PBXProject section */
		3F15CE132C4ACEAF006FC1EF /* Project object */ = {
			isa = PBXProject;
			attributes = {
				BuildIndependentTargetsInParallel = 1;
				LastSwiftUpdateCheck = 1420;
				LastUpgradeCheck = 1420;
				TargetAttributes = {
					3F15CE1A2C4ACEAF006FC1EF = {
						CreatedOnToolsVersion = 14.2;
					};
					3F48D69F2C4EBE210056D6CC = {
						CreatedOnToolsVersion = 14.2;
						TestTargetID = 3F15CE1A2C4ACEAF006FC1EF;
					};
				};
			};
			buildConfigurationList = 3F15CE162C4ACEAF006FC1EF /* Build configuration list for PBXProject "RequestAPhoto" */;
			compatibilityVersion = "Xcode 14.0";
			developmentRegion = en;
			hasScannedForEncodings = 0;
			knownRegions = (
				en,
				Base,
			);
			mainGroup = 3F15CE122C4ACEAF006FC1EF;
			productRefGroup = 3F15CE1C2C4ACEB0006FC1EF /* Products */;
			projectDirPath = "";
			projectRoot = "";
			targets = (
				3F15CE1A2C4ACEAF006FC1EF /* RequestAPhoto */,
				3F48D69F2C4EBE210056D6CC /* RequestAPhotoTests */,
			);
		};
/* End PBXProject section */

/* Begin PBXResourcesBuildPhase section */
		3F15CE192C4ACEAF006FC1EF /* Resources */ = {
			isa = PBXResourcesBuildPhase;
			buildActionMask = 2147483647;
			files = (
				3F15CE262C4ACEB9006FC1EF /* Preview Assets.xcassets in Resources */,
				3F15CE232C4ACEB9006FC1EF /* Assets.xcassets in Resources */,
			);
			runOnlyForDeploymentPostprocessing = 0;
		};
		3F48D69E2C4EBE210056D6CC /* Resources */ = {
			isa = PBXResourcesBuildPhase;
			buildActionMask = 2147483647;
			files = (
			);
			runOnlyForDeploymentPostprocessing = 0;
		};
/* End PBXResourcesBuildPhase section */

/* Begin PBXSourcesBuildPhase section */
		3F15CE172C4ACEAF006FC1EF /* Sources */ = {
			isa = PBXSourcesBuildPhase;
			buildActionMask = 2147483647;
			files = (
				3FEAAFA42C4D2364007EA1AD /* ImageView.swift in Sources */,
				3FD74E6C2C4E26C000A92732 /* ImageViewDetail.swift in Sources */,
				3FEAAFA22C4D1B64007EA1AD /* ImageViewModel.swift in Sources */,
				3F15CE212C4ACEB0006FC1EF /* ContentView.swift in Sources */,
				3F1C0E492C50FF870058D8C4 /* MockURLSession.swift in Sources */,
				3F15CE1F2C4ACEB0006FC1EF /* RequestAPhotoApp.swift in Sources */,
				3FEAAF9A2C4D13C2007EA1AD /* ImageModel.swift in Sources */,
			);
			runOnlyForDeploymentPostprocessing = 0;
		};
		3F48D69C2C4EBE210056D6CC /* Sources */ = {
			isa = PBXSourcesBuildPhase;
			buildActionMask = 2147483647;
			files = (
				3F10F2C62C4EBFB600DBBB54 /* ImageViewModelTests.swift in Sources */,
			);
			runOnlyForDeploymentPostprocessing = 0;
		};
/* End PBXSourcesBuildPhase section */

/* Begin PBXTargetDependency section */
		3F48D6A52C4EBE210056D6CC /* PBXTargetDependency */ = {
			isa = PBXTargetDependency;
			target = 3F15CE1A2C4ACEAF006FC1EF /* RequestAPhoto */;
			targetProxy = 3F48D6A42C4EBE210056D6CC /* PBXContainerItemProxy */;
		};
/* End PBXTargetDependency section */

/* Begin XCBuildConfiguration section */
		3F15CE272C4ACEB9006FC1EF /* Debug */ = {
			isa = XCBuildConfiguration;
			buildSettings = {
				ALWAYS_SEARCH_USER_PATHS = NO;
				CLANG_ANALYZER_NONNULL = YES;
				CLANG_ANALYZER_NUMBER_OBJECT_CONVERSION = YES_AGGRESSIVE;
				CLANG_CXX_LANGUAGE_STANDARD = "gnu++20";
				CLANG_ENABLE_MODULES = YES;
				CLANG_ENABLE_OBJC_ARC = YES;
				CLANG_ENABLE_OBJC_WEAK = YES;
				CLANG_WARN_BLOCK_CAPTURE_AUTORELEASING = YES;
				CLANG_WARN_BOOL_CONVERSION = YES;
				CLANG_WARN_COMMA = YES;
				CLANG_WARN_CONSTANT_CONVERSION = YES;
				CLANG_WARN_DEPRECATED_OBJC_IMPLEMENTATIONS = YES;
				CLANG_WARN_DIRECT_OBJC_ISA_USAGE = YES_ERROR;
				CLANG_WARN_DOCUMENTATION_COMMENTS = YES;
				CLANG_WARN_EMPTY_BODY = YES;
				CLANG_WARN_ENUM_CONVERSION = YES;
				CLANG_WARN_INFINITE_RECURSION = YES;
				CLANG_WARN_INT_CONVERSION = YES;
				CLANG_WARN_NON_LITERAL_NULL_CONVERSION = YES;
				CLANG_WARN_OBJC_IMPLICIT_RETAIN_SELF = YES;
				CLANG_WARN_OBJC_LITERAL_CONVERSION = YES;
				CLANG_WARN_OBJC_ROOT_CLASS = YES_ERROR;
				CLANG_WARN_QUOTED_INCLUDE_IN_FRAMEWORK_HEADER = YES;
				CLANG_WARN_RANGE_LOOP_ANALYSIS = YES;
				CLANG_WARN_STRICT_PROTOTYPES = YES;
				CLANG_WARN_SUSPICIOUS_MOVE = YES;
				CLANG_WARN_UNGUARDED_AVAILABILITY = YES_AGGRESSIVE;
				CLANG_WARN_UNREACHABLE_CODE = YES;
				CLANG_WARN__DUPLICATE_METHOD_MATCH = YES;
				COPY_PHASE_STRIP = NO;
				DEBUG_INFORMATION_FORMAT = dwarf;
				ENABLE_STRICT_OBJC_MSGSEND = YES;
				ENABLE_TESTABILITY = YES;
				GCC_C_LANGUAGE_STANDARD = gnu11;
				GCC_DYNAMIC_NO_PIC = NO;
				GCC_NO_COMMON_BLOCKS = YES;
				GCC_OPTIMIZATION_LEVEL = 0;
				GCC_PREPROCESSOR_DEFINITIONS = (
					"DEBUG=1",
					"$(inherited)",
				);
				GCC_WARN_64_TO_32_BIT_CONVERSION = YES;
				GCC_WARN_ABOUT_RETURN_TYPE = YES_ERROR;
				GCC_WARN_UNDECLARED_SELECTOR = YES;
				GCC_WARN_UNINITIALIZED_AUTOS = YES_AGGRESSIVE;
				GCC_WARN_UNUSED_FUNCTION = YES;
				GCC_WARN_UNUSED_VARIABLE = YES;
				IPHONEOS_DEPLOYMENT_TARGET = 16.2;
				MTL_ENABLE_DEBUG_INFO = INCLUDE_SOURCE;
				MTL_FAST_MATH = YES;
				ONLY_ACTIVE_ARCH = YES;
				SDKROOT = iphoneos;
				SWIFT_ACTIVE_COMPILATION_CONDITIONS = DEBUG;
				SWIFT_OPTIMIZATION_LEVEL = "-Onone";
			};
			name = Debug;
		};
		3F15CE282C4ACEB9006FC1EF /* Release */ = {
			isa = XCBuildConfiguration;
			buildSettings = {
				ALWAYS_SEARCH_USER_PATHS = NO;
				CLANG_ANALYZER_NONNULL = YES;
				CLANG_ANALYZER_NUMBER_OBJECT_CONVERSION = YES_AGGRESSIVE;
				CLANG_CXX_LANGUAGE_STANDARD = "gnu++20";
				CLANG_ENABLE_MODULES = YES;
				CLANG_ENABLE_OBJC_ARC = YES;
				CLANG_ENABLE_OBJC_WEAK = YES;
				CLANG_WARN_BLOCK_CAPTURE_AUTORELEASING = YES;
				CLANG_WARN_BOOL_CONVERSION = YES;
				CLANG_WARN_COMMA = YES;
				CLANG_WARN_CONSTANT_CONVERSION = YES;
				CLANG_WARN_DEPRECATED_OBJC_IMPLEMENTATIONS = YES;
				CLANG_WARN_DIRECT_OBJC_ISA_USAGE = YES_ERROR;
				CLANG_WARN_DOCUMENTATION_COMMENTS = YES;
				CLANG_WARN_EMPTY_BODY = YES;
				CLANG_WARN_ENUM_CONVERSION = YES;
				CLANG_WARN_INFINITE_RECURSION = YES;
				CLANG_WARN_INT_CONVERSION = YES;
				CLANG_WARN_NON_LITERAL_NULL_CONVERSION = YES;
				CLANG_WARN_OBJC_IMPLICIT_RETAIN_SELF = YES;
				CLANG_WARN_OBJC_LITERAL_CONVERSION = YES;
				CLANG_WARN_OBJC_ROOT_CLASS = YES_ERROR;
				CLANG_WARN_QUOTED_INCLUDE_IN_FRAMEWORK_HEADER = YES;
				CLANG_WARN_RANGE_LOOP_ANALYSIS = YES;
				CLANG_WARN_STRICT_PROTOTYPES = YES;
				CLANG_WARN_SUSPICIOUS_MOVE = YES;
				CLANG_WARN_UNGUARDED_AVAILABILITY = YES_AGGRESSIVE;
				CLANG_WARN_UNREACHABLE_CODE = YES;
				CLANG_WARN__DUPLICATE_METHOD_MATCH = YES;
				COPY_PHASE_STRIP = NO;
				DEBUG_INFORMATION_FORMAT = "dwarf-with-dsym";
				ENABLE_NS_ASSERTIONS = NO;
				ENABLE_STRICT_OBJC_MSGSEND = YES;
				GCC_C_LANGUAGE_STANDARD = gnu11;
				GCC_NO_COMMON_BLOCKS = YES;
				GCC_WARN_64_TO_32_BIT_CONVERSION = YES;
				GCC_WARN_ABOUT_RETURN_TYPE = YES_ERROR;
				GCC_WARN_UNDECLARED_SELECTOR = YES;
				GCC_WARN_UNINITIALIZED_AUTOS = YES_AGGRESSIVE;
				GCC_WARN_UNUSED_FUNCTION = YES;
				GCC_WARN_UNUSED_VARIABLE = YES;
				IPHONEOS_DEPLOYMENT_TARGET = 16.2;
				MTL_ENABLE_DEBUG_INFO = NO;
				MTL_FAST_MATH = YES;
				SDKROOT = iphoneos;
				SWIFT_COMPILATION_MODE = wholemodule;
				SWIFT_OPTIMIZATION_LEVEL = "-O";
				VALIDATE_PRODUCT = YES;
			};
			name = Release;
		};
		3F15CE2A2C4ACEB9006FC1EF /* Debug */ = {
			isa = XCBuildConfiguration;
			buildSettings = {
				ASSETCATALOG_COMPILER_APPICON_NAME = AppIcon;
				ASSETCATALOG_COMPILER_GLOBAL_ACCENT_COLOR_NAME = AccentColor;
				CODE_SIGN_STYLE = Automatic;
				CURRENT_PROJECT_VERSION = 1;
				DEVELOPMENT_ASSET_PATHS = "\"RequestAPhoto/Preview Content\"";
				ENABLE_PREVIEWS = YES;
				GENERATE_INFOPLIST_FILE = YES;
				INFOPLIST_FILE = RequestAPhoto/Info.plist;
				INFOPLIST_KEY_UIApplicationSceneManifest_Generation = YES;
				INFOPLIST_KEY_UIApplicationSupportsIndirectInputEvents = YES;
				INFOPLIST_KEY_UILaunchScreen_Generation = YES;
				INFOPLIST_KEY_UISupportedInterfaceOrientations_iPad = "UIInterfaceOrientationPortrait UIInterfaceOrientationPortraitUpsideDown UIInterfaceOrientationLandscapeLeft UIInterfaceOrientationLandscapeRight";
				INFOPLIST_KEY_UISupportedInterfaceOrientations_iPhone = "UIInterfaceOrientationPortrait UIInterfaceOrientationLandscapeLeft UIInterfaceOrientationLandscapeRight";
				LD_RUNPATH_SEARCH_PATHS = (
					"$(inherited)",
					"@executable_path/Frameworks",
				);
				MARKETING_VERSION = 1.0;
				PRODUCT_BUNDLE_IDENTIFIER = Nishi.RequestAPhoto;
				PRODUCT_NAME = "$(TARGET_NAME)";
				SWIFT_EMIT_LOC_STRINGS = YES;
				SWIFT_VERSION = 5.0;
				TARGETED_DEVICE_FAMILY = "1,2";
			};
			name = Debug;
		};
		3F15CE2B2C4ACEB9006FC1EF /* Release */ = {
			isa = XCBuildConfiguration;
			buildSettings = {
				ASSETCATALOG_COMPILER_APPICON_NAME = AppIcon;
				ASSETCATALOG_COMPILER_GLOBAL_ACCENT_COLOR_NAME = AccentColor;
				CODE_SIGN_STYLE = Automatic;
				CURRENT_PROJECT_VERSION = 1;
				DEVELOPMENT_ASSET_PATHS = "\"RequestAPhoto/Preview Content\"";
				ENABLE_PREVIEWS = YES;
				GENERATE_INFOPLIST_FILE = YES;
				INFOPLIST_FILE = RequestAPhoto/Info.plist;
				INFOPLIST_KEY_UIApplicationSceneManifest_Generation = YES;
				INFOPLIST_KEY_UIApplicationSupportsIndirectInputEvents = YES;
				INFOPLIST_KEY_UILaunchScreen_Generation = YES;
				INFOPLIST_KEY_UISupportedInterfaceOrientations_iPad = "UIInterfaceOrientationPortrait UIInterfaceOrientationPortraitUpsideDown UIInterfaceOrientationLandscapeLeft UIInterfaceOrientationLandscapeRight";
				INFOPLIST_KEY_UISupportedInterfaceOrientations_iPhone = "UIInterfaceOrientationPortrait UIInterfaceOrientationLandscapeLeft UIInterfaceOrientationLandscapeRight";
				LD_RUNPATH_SEARCH_PATHS = (
					"$(inherited)",
					"@executable_path/Frameworks",
				);
				MARKETING_VERSION = 1.0;
				PRODUCT_BUNDLE_IDENTIFIER = Nishi.RequestAPhoto;
				PRODUCT_NAME = "$(TARGET_NAME)";
				SWIFT_EMIT_LOC_STRINGS = YES;
				SWIFT_VERSION = 5.0;
				TARGETED_DEVICE_FAMILY = "1,2";
			};
			name = Release;
		};
		3F48D6A62C4EBE210056D6CC /* Debug */ = {
			isa = XCBuildConfiguration;
			buildSettings = {
				BUNDLE_LOADER = "$(TEST_HOST)";
				CODE_SIGN_STYLE = Automatic;
				CURRENT_PROJECT_VERSION = 1;
				GENERATE_INFOPLIST_FILE = YES;
				MARKETING_VERSION = 1.0;
				PRODUCT_BUNDLE_IDENTIFIER = Nishi.RequestAPhotoTests;
				PRODUCT_NAME = "$(TARGET_NAME)";
				SWIFT_EMIT_LOC_STRINGS = NO;
				SWIFT_VERSION = 5.0;
				TARGETED_DEVICE_FAMILY = "1,2";
				TEST_HOST = "$(BUILT_PRODUCTS_DIR)/RequestAPhoto.app/$(BUNDLE_EXECUTABLE_FOLDER_PATH)/RequestAPhoto";
			};
			name = Debug;
		};
		3F48D6A72C4EBE210056D6CC /* Release */ = {
			isa = XCBuildConfiguration;
			buildSettings = {
				BUNDLE_LOADER = "$(TEST_HOST)";
				CODE_SIGN_STYLE = Automatic;
				CURRENT_PROJECT_VERSION = 1;
				GENERATE_INFOPLIST_FILE = YES;
				MARKETING_VERSION = 1.0;
				PRODUCT_BUNDLE_IDENTIFIER = Nishi.RequestAPhotoTests;
				PRODUCT_NAME = "$(TARGET_NAME)";
				SWIFT_EMIT_LOC_STRINGS = NO;
				SWIFT_VERSION = 5.0;
				TARGETED_DEVICE_FAMILY = "1,2";
				TEST_HOST = "$(BUILT_PRODUCTS_DIR)/RequestAPhoto.app/$(BUNDLE_EXECUTABLE_FOLDER_PATH)/RequestAPhoto";
			};
			name = Release;
		};
/* End XCBuildConfiguration section */

/* Begin XCConfigurationList section */
		3F15CE162C4ACEAF006FC1EF /* Build configuration list for PBXProject "RequestAPhoto" */ = {
			isa = XCConfigurationList;
			buildConfigurations = (
				3F15CE272C4ACEB9006FC1EF /* Debug */,
				3F15CE282C4ACEB9006FC1EF /* Release */,
			);
			defaultConfigurationIsVisible = 0;
			defaultConfigurationName = Release;
		};
		3F15CE292C4ACEB9006FC1EF /* Build configuration list for PBXNativeTarget "RequestAPhoto" */ = {
			isa = XCConfigurationList;
			buildConfigurations = (
				3F15CE2A2C4ACEB9006FC1EF /* Debug */,
				3F15CE2B2C4ACEB9006FC1EF /* Release */,
			);
			defaultConfigurationIsVisible = 0;
			defaultConfigurationName = Release;
		};
		3F48D6A82C4EBE210056D6CC /* Build configuration list for PBXNativeTarget "RequestAPhotoTests" */ = {
			isa = XCConfigurationList;
			buildConfigurations = (
				3F48D6A62C4EBE210056D6CC /* Debug */,
				3F48D6A72C4EBE210056D6CC /* Release */,
			);
			defaultConfigurationIsVisible = 0;
			defaultConfigurationName = Release;
		};
/* End XCConfigurationList section */
	};
	rootObject = 3F15CE132C4ACEAF006FC1EF /* Project object */;
}
